
Microsoft Visual Studio Solution File, Format Version 12.00
# Visual Studio 2015
Project("{FAE04EC0-301F-11D3-BF4B-00C04F79EFBC}") = "Unity_MayFes.Plugins", "Unity_MayFes.Plugins.csproj", "{15138DAC-C306-24AF-E83C-331C8BCD8EC2}"
EndProject
Project("{FAE04EC0-301F-11D3-BF4B-00C04F79EFBC}") = "Unity_MayFes", "Unity_MayFes.csproj", "{8746225B-8633-4E56-D65D-07D2EEBB7475}"
EndProject
Project("{FAE04EC0-301F-11D3-BF4B-00C04F79EFBC}") = "Unity_MayFes.Editor", "Unity_MayFes.Editor.csproj", "{A503AA05-7933-5F1A-38CF-85FB4A2435A3}"
EndProject
Global
	GlobalSection(SolutionConfigurationPlatforms) = preSolution
		Debug|Any CPU = Debug|Any CPU
		Release|Any CPU = Release|Any CPU
	EndGlobalSection
	GlobalSection(ProjectConfigurationPlatforms) = postSolution
		{15138DAC-C306-24AF-E83C-331C8BCD8EC2}.Debug|Any CPU.ActiveCfg = Debug|Any CPU
		{15138DAC-C306-24AF-E83C-331C8BCD8EC2}.Debug|Any CPU.Build.0 = Debug|Any CPU
		{15138DAC-C306-24AF-E83C-331C8BCD8EC2}.Release|Any CPU.ActiveCfg = Release|Any CPU
		{15138DAC-C306-24AF-E83C-331C8BCD8EC2}.Release|Any CPU.Build.0 = Release|Any CPU
		{8746225B-8633-4E56-D65D-07D2EEBB7475}.Debug|Any CPU.ActiveCfg = Debug|Any CPU
		{8746225B-8633-4E56-D65D-07D2EEBB7475}.Debug|Any CPU.Build.0 = Debug|Any CPU
		{8746225B-8633-4E56-D65D-07D2EEBB7475}.Release|Any CPU.ActiveCfg = Release|Any CPU
		{8746225B-8633-4E56-D65D-07D2EEBB7475}.Release|Any CPU.Build.0 = Release|Any CPU
		{A503AA05-7933-5F1A-38CF-85FB4A2435A3}.Debug|Any CPU.ActiveCfg = Debug|Any CPU
		{A503AA05-7933-5F1A-38CF-85FB4A2435A3}.Debug|Any CPU.Build.0 = Debug|Any CPU
		{A503AA05-7933-5F1A-38CF-85FB4A2435A3}.Release|Any CPU.ActiveCfg = Release|Any CPU
		{A503AA05-7933-5F1A-38CF-85FB4A2435A3}.Release|Any CPU.Build.0 = Release|Any CPU
	EndGlobalSection
	GlobalSection(SolutionProperties) = preSolution
		HideSolutionNode = FALSE
	EndGlobalSection
EndGlobal
